<?xml version="1.0" encoding="utf-8"?>
<Project ToolsVersion="4.0" xmlns="http://schemas.microsoft.com/developer/msbuild/2003">
  <ItemGroup>
    <ClCompile Include="GeneratedFiles\Debug\moc_qcustomplot.cpp" />
    <ClCompile Include="GeneratedFiles\Debug\moc_STGRectangle.cpp" />
    <ClCompile Include="GeneratedFiles\Debug\moc_testqt.cpp" />
    <ClCompile Include="GeneratedFiles\qrc_testqt.cpp" />
    <ClCompile Include="Local\Code\Circuit.cpp">
      <Filter>Source Files</Filter>
    </ClCompile>
    <ClCompile Include="Local\Code\Edge.cpp">
      <Filter>Source Files</Filter>
    </ClCompile>
    <ClCompile Include="Local\Code\GaussElimination.cpp">
      <Filter>Source Files</Filter>
    </ClCompile>
    <ClCompile Include="Local\Code\main.cpp">
      <Filter>Source Files</Filter>
    </ClCompile>
    <ClCompile Include="Local\Code\Node.cpp">
      <Filter>Source Files</Filter>
    </ClCompile>
    <ClCompile Include="Local\Code\NodePotential.cpp">
      <Filter>Source Files</Filter>
    </ClCompile>
    <ClCompile Include="Local\Code\qcustomplot.cpp">
      <Filter>Source Files</Filter>
    </ClCompile>
    <ClCompile Include="Local\Code\STGRectangle.cpp">
      <Filter>Source Files</Filter>
    </ClCompile>
    <ClCompile Include="Local\Code\testqt.cpp">
      <Filter>Source Files</Filter>
    </ClCompile>
    <ClCompile Include="Local\Code\Wire.cpp">
      <Filter>Source Files</Filter>
    </ClCompile>
    <ClCompile Include="GeneratedFiles\Release\moc_qcustomplot.cpp">
      <Filter>Generated Files\Release</Filter>
    </ClCompile>
    <ClCompile Include="GeneratedFiles\Release\moc_STGRectangle.cpp">
      <Filter>Generated Files\Release</Filter>
    </ClCompile>
    <ClCompile Include="GeneratedFiles\Release\moc_testqt.cpp">
      <Filter>Generated Files\Release</Filter>
    </ClCompile>
    <ClCompile Include="Local\Code\CircuitComposer.cpp">
      <Filter>Source Files</Filter>
    </ClCompile>
  </ItemGroup>
  <ItemGroup>
    <ClInclude Include="GeneratedFiles\ui_testqt.h" />
    <ClInclude Include="Local\Include\Circuit.h">
      <Filter>Header Files</Filter>
    </ClInclude>
    <ClInclude Include="Local\Include\Edge.h">
      <Filter>Header Files</Filter>
    </ClInclude>
    <ClInclude Include="Local\Include\GaussElimination.h">
      <Filter>Header Files</Filter>
    </ClInclude>
    <ClInclude Include="Local\Include\Matrix.h">
      <Filter>Header Files</Filter>
    </ClInclude>
    <ClInclude Include="Local\Include\Node.h">
      <Filter>Header Files</Filter>
    </ClInclude>
    <ClInclude Include="Local\Include\NodePotential.h">
      <Filter>Header Files</Filter>
    </ClInclude>
    <ClInclude Include="Local\Include\Wire.h">
      <Filter>Header Files</Filter>
    </ClInclude>
    <ClInclude Include="Local\Include\CircuitComposer.h">
      <Filter>Header Files</Filter>
    </ClInclude>
  </ItemGroup>
  <ItemGroup>
    <CustomBuild Include="testqt.ui" />
    <CustomBuild Include="testqt.qrc" />
    <CustomBuild Include="Local\Include\qcustomplot.h">
      <Filter>Header Files</Filter>
    </CustomBuild>
    <CustomBuild Include="Local\Include\STGRectangle.h">
      <Filter>Header Files</Filter>
    </CustomBuild>
    <CustomBuild Include="Local\Include\testqt.h">
      <Filter>Header Files</Filter>
    </CustomBuild>
  </ItemGroup>
  <ItemGroup>
    <None Include="ClassDiagram.cd" />
  </ItemGroup>
  <ItemGroup>
    <Filter Include="Source Files">
      <UniqueIdentifier>{4FC737F1-C7A5-4376-A066-2A32D752A2FF}</UniqueIdentifier>
      <Extensions>cpp;cxx;c;def</Extensions>
      <ParseFiles>true</ParseFiles>
    </Filter>
    <Filter Include="Header Files">
      <UniqueIdentifier>{93995380-89BD-4b04-88EB-625FBE52EBFB}</UniqueIdentifier>
      <Extensions>h</Extensions>
      <ParseFiles>true</ParseFiles>
    </Filter>
    <Filter Include="Generated Files">
      <UniqueIdentifier>{71ED8ED8-ACB9-4CE9-BBE1-E00B30144E11}</UniqueIdentifier>
      <Extensions>moc;h;cpp</Extensions>
      <ParseFiles>true</ParseFiles>
    </Filter>
    <Filter Include="Generated Files\Release">
      <UniqueIdentifier>{27ddffab-0143-4a39-ba2b-ba28d4fb68e0}</UniqueIdentifier>
      <Extensions>cpp;moc</Extensions>
      <SourceControlFiles>False</SourceControlFiles>
    </Filter>
  </ItemGroup>
</Project>